
Microsoft Visual Studio Solution File, Format Version 12.00
# Visual Studio Version 17
VisualStudioVersion = 17.7.34009.444
MinimumVisualStudioVersion = 10.0.40219.1
Project("{FAE04EC0-301F-11D3-BF4B-00C04F79EFBC}") = "MVCCore_BatchManagementSystemProject", "MVCCore_BatchManagementSystemProject\MVCCore_BatchManagementSystemProject.csproj", "{594BC6EF-765B-4717-A572-3885C68953CB}"
EndProject
Global
	GlobalSection(SolutionConfigurationPlatforms) = preSolution
		Debug|Any CPU = Debug|Any CPU
		Release|Any CPU = Release|Any CPU
	EndGlobalSection
	GlobalSection(ProjectConfigurationPlatforms) = postSolution
		{594BC6EF-765B-4717-A572-3885C68953CB}.Debug|Any CPU.ActiveCfg = Debug|Any CPU
		{594BC6EF-765B-4717-A572-3885C68953CB}.Debug|Any CPU.Build.0 = Debug|Any CPU
		{594BC6EF-765B-4717-A572-3885C68953CB}.Release|Any CPU.ActiveCfg = Release|Any CPU
		{594BC6EF-765B-4717-A572-3885C68953CB}.Release|Any CPU.Build.0 = Release|Any CPU
	EndGlobalSection
	GlobalSection(SolutionProperties) = preSolution
		HideSolutionNode = FALSE
	EndGlobalSection
	GlobalSection(ExtensibilityGlobals) = postSolution
		SolutionGuid = {1A8375D0-3A92-4FFF-A5CD-75A69966CA2B}
	EndGlobalSection
EndGlobal
